# THIS IS AN AUTOGENERATED FILE. DO NOT EDIT THIS FILE DIRECTLY.
# yarn lockfile v1


"@types/webspeechapi@^0.0.29":
  version "0.0.29"
  resolved "https://registry.yarnpkg.com/@types/webspeechapi/-/webspeechapi-0.0.29.tgz#8f3c6b31b779df7a9bbac7f89acfce0c3bcb1972"
  integrity sha512-AYEhqEJLdR08YPBOwYa73IHTiGU4DdngbKbtZdW+bzuM7s8LzKBed0Fwgl/a3oMqMY227qOT+3Lpr5A0WSmm+A==
